// !$*UTF8*$!
{
	archiveVersion = 1;
	classes = {
	};
	objectVersion = 46;
	objects = {

/* Begin PBXBuildFile section */
		3D8E9A7E1817FC0D0038E72D /* RBTimer.m in Sources */ = {isa = PBXBuildFile; fileRef = 3D8E9A7D1817FC0D0038E72D /* RBTimer.m */; };
		3DB6687C18F6FAC7001262DF /* Main.storyboard in Resources */ = {isa = PBXBuildFile; fileRef = 3DB6687E18F6FAC7001262DF /* Main.storyboard */; };
		3DB9D18A18F7056B00CE65EC /* Localizable.strings in Resources */ = {isa = PBXBuildFile; fileRef = 3DB9D18C18F7056B00CE65EC /* Localizable.strings */; };
		3DC3D33F1818355B00096DA2 /* EndGameVC.m in Sources */ = {isa = PBXBuildFile; fileRef = 3DC3D33E1818355B00096DA2 /* EndGameVC.m */; };
		D591366D18B3D42200CEE732 /* UIColor+Named.m in Sources */ = {isa = PBXBuildFile; fileRef = D591366C18B3D42200CEE732 /* UIColor+Named.m */; };
		D591367018B3D44300CEE732 /* Colors.json in Resources */ = {isa = PBXBuildFile; fileRef = D591366F18B3D44300CEE732 /* Colors.json */; };
		D592052218183B11004F58BD /* LevelsVC.m in Sources */ = {isa = PBXBuildFile; fileRef = D592052118183B11004F58BD /* LevelsVC.m */; };
		D592052918184539004F58BD /* 0star.png in Resources */ = {isa = PBXBuildFile; fileRef = D592052518184539004F58BD /* 0star.png */; };
		D592052A18184539004F58BD /* 1star.png in Resources */ = {isa = PBXBuildFile; fileRef = D592052618184539004F58BD /* 1star.png */; };
		D592052B18184539004F58BD /* 2star.png in Resources */ = {isa = PBXBuildFile; fileRef = D592052718184539004F58BD /* 2star.png */; };
		D592052C18184539004F58BD /* 3star.png in Resources */ = {isa = PBXBuildFile; fileRef = D592052818184539004F58BD /* 3star.png */; };
		D592053118184C61004F58BD /* LevelTableCell.m in Sources */ = {isa = PBXBuildFile; fileRef = D592053018184C61004F58BD /* LevelTableCell.m */; };
		D597664B18202974008AA843 /* 6b2dd6f01f209f7fac5de216c820e516.jpg in Resources */ = {isa = PBXBuildFile; fileRef = D597664A18202973008AA843 /* 6b2dd6f01f209f7fac5de216c820e516.jpg */; };
		D597BEB01817EAAF00F3881E /* RBLevel.m in Sources */ = {isa = PBXBuildFile; fileRef = D597BEAF1817EAAF00F3881E /* RBLevel.m */; };
		D597BEB31817F72800F3881E /* RBGame.m in Sources */ = {isa = PBXBuildFile; fileRef = D597BEB21817F72800F3881E /* RBGame.m */; };
		D5BE0FFA1821728A0046AAF1 /* RBSharedFunctions.m in Sources */ = {isa = PBXBuildFile; fileRef = D5BE0FF91821728A0046AAF1 /* RBSharedFunctions.m */; };
		D5BE101718217D7E0046AAF1 /* beam.mp3 in Resources */ = {isa = PBXBuildFile; fileRef = D5BE100C18217D7E0046AAF1 /* beam.mp3 */; };
		D5BE101818217D7E0046AAF1 /* byebye.mp3 in Resources */ = {isa = PBXBuildFile; fileRef = D5BE100D18217D7E0046AAF1 /* byebye.mp3 */; };
		D5BE101918217D7E0046AAF1 /* comein.mp3 in Resources */ = {isa = PBXBuildFile; fileRef = D5BE100E18217D7E0046AAF1 /* comein.mp3 */; };
		D5BE101A18217D7E0046AAF1 /* itsaspell.mp3 in Resources */ = {isa = PBXBuildFile; fileRef = D5BE100F18217D7E0046AAF1 /* itsaspell.mp3 */; };
		D5BE101B18217D7E0046AAF1 /* onemusttry.mp3 in Resources */ = {isa = PBXBuildFile; fileRef = D5BE101018217D7E0046AAF1 /* onemusttry.mp3 */; };
		D5BE101C18217D7E0046AAF1 /* pullover.mp3 in Resources */ = {isa = PBXBuildFile; fileRef = D5BE101118217D7E0046AAF1 /* pullover.mp3 */; };
		D5BE101D18217D7E0046AAF1 /* sample.mp3 in Resources */ = {isa = PBXBuildFile; fileRef = D5BE101218217D7E0046AAF1 /* sample.mp3 */; };
		D5BE101E18217D7E0046AAF1 /* soundyes.mp3 in Resources */ = {isa = PBXBuildFile; fileRef = D5BE101318217D7E0046AAF1 /* soundyes.mp3 */; };
		D5BE101F18217D7E0046AAF1 /* upupandaway.mp3 in Resources */ = {isa = PBXBuildFile; fileRef = D5BE101418217D7E0046AAF1 /* upupandaway.mp3 */; };
		D5BE102018217D7E0046AAF1 /* welcome.mp3 in Resources */ = {isa = PBXBuildFile; fileRef = D5BE101518217D7E0046AAF1 /* welcome.mp3 */; };
		D5BE102118217D7E0046AAF1 /* whistle.mp3 in Resources */ = {isa = PBXBuildFile; fileRef = D5BE101618217D7E0046AAF1 /* whistle.mp3 */; };
		D5BE102318217F8E0046AAF1 /* pholors.png in Resources */ = {isa = PBXBuildFile; fileRef = D5BE102218217F8E0046AAF1 /* pholors.png */; };
		F6E6633D1816F8740094EC26 /* Foundation.framework in Frameworks */ = {isa = PBXBuildFile; fileRef = F6E6633C1816F8740094EC26 /* Foundation.framework */; };
		F6E6633F1816F8740094EC26 /* CoreGraphics.framework in Frameworks */ = {isa = PBXBuildFile; fileRef = F6E6633E1816F8740094EC26 /* CoreGraphics.framework */; };
		F6E663411816F8740094EC26 /* UIKit.framework in Frameworks */ = {isa = PBXBuildFile; fileRef = F6E663401816F8740094EC26 /* UIKit.framework */; };
		F6E663471816F8740094EC26 /* InfoPlist.strings in Resources */ = {isa = PBXBuildFile; fileRef = F6E663451816F8740094EC26 /* InfoPlist.strings */; };
		F6E663491816F8740094EC26 /* main.m in Sources */ = {isa = PBXBuildFile; fileRef = F6E663481816F8740094EC26 /* main.m */; };
		F6E6634D1816F8740094EC26 /* AppDelegate.m in Sources */ = {isa = PBXBuildFile; fileRef = F6E6634C1816F8740094EC26 /* AppDelegate.m */; };
		F6E663551816F8740094EC26 /* Images.xcassets in Resources */ = {isa = PBXBuildFile; fileRef = F6E663541816F8740094EC26 /* Images.xcassets */; };
		F6E6635C1816F8740094EC26 /* XCTest.framework in Frameworks */ = {isa = PBXBuildFile; fileRef = F6E6635B1816F8740094EC26 /* XCTest.framework */; };
		F6E6635D1816F8740094EC26 /* Foundation.framework in Frameworks */ = {isa = PBXBuildFile; fileRef = F6E6633C1816F8740094EC26 /* Foundation.framework */; };
		F6E6635E1816F8740094EC26 /* UIKit.framework in Frameworks */ = {isa = PBXBuildFile; fileRef = F6E663401816F8740094EC26 /* UIKit.framework */; };
		F6E663661816F8740094EC26 /* InfoPlist.strings in Resources */ = {isa = PBXBuildFile; fileRef = F6E663641816F8740094EC26 /* InfoPlist.strings */; };
		F6E663681816F8740094EC26 /* PholorsTests.m in Sources */ = {isa = PBXBuildFile; fileRef = F6E663671816F8740094EC26 /* PholorsTests.m */; };
		F6E6638D1816F9860094EC26 /* GameVC.m in Sources */ = {isa = PBXBuildFile; fileRef = F6E6638C1816F9860094EC26 /* GameVC.m */; };
		F6E663921816F9AF0094EC26 /* CameraVC.m in Sources */ = {isa = PBXBuildFile; fileRef = F6E6638F1816F9AF0094EC26 /* CameraVC.m */; };
		F6E663931816F9AF0094EC26 /* RBImageProcessor.m in Sources */ = {isa = PBXBuildFile; fileRef = F6E663911816F9AF0094EC26 /* RBImageProcessor.m */; };
		F6F5C6D6181E9F89004A58D6 /* MainVC.m in Sources */ = {isa = PBXBuildFile; fileRef = F6F5C6D5181E9F89004A58D6 /* MainVC.m */; };
/* End PBXBuildFile section */

/* Begin PBXContainerItemProxy section */
		F6E6635F1816F8740094EC26 /* PBXContainerItemProxy */ = {
			isa = PBXContainerItemProxy;
			containerPortal = F6E663311816F8740094EC26 /* Project object */;
			proxyType = 1;
			remoteGlobalIDString = F6E663381816F8740094EC26;
			remoteInfo = Pholors;
		};
/* End PBXContainerItemProxy section */

/* Begin PBXFileReference section */
		3D8E9A7C1817FC0D0038E72D /* RBTimer.h */ = {isa = PBXFileReference; fileEncoding = 4; lastKnownFileType = sourcecode.c.h; path = RBTimer.h; sourceTree = "<group>"; };
		3D8E9A7D1817FC0D0038E72D /* RBTimer.m */ = {isa = PBXFileReference; fileEncoding = 4; lastKnownFileType = sourcecode.c.objc; path = RBTimer.m; sourceTree = "<group>"; };
		3DB6687F18F6FAD6001262DF /* Base */ = {isa = PBXFileReference; lastKnownFileType = file.storyboard; name = Base; path = Base.lproj/Main.storyboard; sourceTree = "<group>"; };
		3DB6688118F6FB61001262DF /* Base */ = {isa = PBXFileReference; lastKnownFileType = text.plist.strings; name = Base; path = Base.lproj/InfoPlist.strings; sourceTree = "<group>"; };
		3DB6688218F6FB67001262DF /* pt */ = {isa = PBXFileReference; lastKnownFileType = text.plist.strings; name = pt; path = pt.lproj/InfoPlist.strings; sourceTree = "<group>"; };
		3DB9D18B18F7056B00CE65EC /* Base */ = {isa = PBXFileReference; lastKnownFileType = text.plist.strings; name = Base; path = Base.lproj/Localizable.strings; sourceTree = "<group>"; };
		3DB9D18D18F7056F00CE65EC /* pt */ = {isa = PBXFileReference; lastKnownFileType = text.plist.strings; name = pt; path = pt.lproj/Localizable.strings; sourceTree = "<group>"; };
		3DB9D18E18F7057000CE65EC /* en */ = {isa = PBXFileReference; lastKnownFileType = text.plist.strings; name = en; path = en.lproj/Localizable.strings; sourceTree = "<group>"; };
		3DB9D19118F7070700CE65EC /* pt */ = {isa = PBXFileReference; lastKnownFileType = text.plist.strings; name = pt; path = pt.lproj/Main.strings; sourceTree = "<group>"; };
		3DB9D19218F7070B00CE65EC /* en */ = {isa = PBXFileReference; lastKnownFileType = text.plist.strings; name = en; path = en.lproj/Main.strings; sourceTree = "<group>"; };
		3DC3D33D1818355B00096DA2 /* EndGameVC.h */ = {isa = PBXFileReference; fileEncoding = 4; lastKnownFileType = sourcecode.c.h; path = EndGameVC.h; sourceTree = "<group>"; };
		3DC3D33E1818355B00096DA2 /* EndGameVC.m */ = {isa = PBXFileReference; fileEncoding = 4; lastKnownFileType = sourcecode.c.objc; path = EndGameVC.m; sourceTree = "<group>"; };
		D591366B18B3D42200CEE732 /* UIColor+Named.h */ = {isa = PBXFileReference; fileEncoding = 4; lastKnownFileType = sourcecode.c.h; path = "UIColor+Named.h"; sourceTree = "<group>"; };
		D591366C18B3D42200CEE732 /* UIColor+Named.m */ = {isa = PBXFileReference; fileEncoding = 4; lastKnownFileType = sourcecode.c.objc; path = "UIColor+Named.m"; sourceTree = "<group>"; };
		D591366F18B3D44300CEE732 /* Colors.json */ = {isa = PBXFileReference; fileEncoding = 4; lastKnownFileType = text.json; path = Colors.json; sourceTree = "<group>"; };
		D592052018183B11004F58BD /* LevelsVC.h */ = {isa = PBXFileReference; fileEncoding = 4; lastKnownFileType = sourcecode.c.h; path = LevelsVC.h; sourceTree = "<group>"; };
		D592052118183B11004F58BD /* LevelsVC.m */ = {isa = PBXFileReference; fileEncoding = 4; lastKnownFileType = sourcecode.c.objc; path = LevelsVC.m; sourceTree = "<group>"; };
		D592052518184539004F58BD /* 0star.png */ = {isa = PBXFileReference; lastKnownFileType = image.png; path = 0star.png; sourceTree = "<group>"; };
		D592052618184539004F58BD /* 1star.png */ = {isa = PBXFileReference; lastKnownFileType = image.png; path = 1star.png; sourceTree = "<group>"; };
		D592052718184539004F58BD /* 2star.png */ = {isa = PBXFileReference; lastKnownFileType = image.png; path = 2star.png; sourceTree = "<group>"; };
		D592052818184539004F58BD /* 3star.png */ = {isa = PBXFileReference; lastKnownFileType = image.png; path = 3star.png; sourceTree = "<group>"; };
		D592052F18184C61004F58BD /* LevelTableCell.h */ = {isa = PBXFileReference; fileEncoding = 4; lastKnownFileType = sourcecode.c.h; path = LevelTableCell.h; sourceTree = "<group>"; };
		D592053018184C61004F58BD /* LevelTableCell.m */ = {isa = PBXFileReference; fileEncoding = 4; lastKnownFileType = sourcecode.c.objc; path = LevelTableCell.m; sourceTree = "<group>"; };
		D597664A18202973008AA843 /* 6b2dd6f01f209f7fac5de216c820e516.jpg */ = {isa = PBXFileReference; lastKnownFileType = image.jpeg; path = 6b2dd6f01f209f7fac5de216c820e516.jpg; sourceTree = "<group>"; };
		D597BEAE1817EAAF00F3881E /* RBLevel.h */ = {isa = PBXFileReference; fileEncoding = 4; lastKnownFileType = sourcecode.c.h; path = RBLevel.h; sourceTree = "<group>"; };
		D597BEAF1817EAAF00F3881E /* RBLevel.m */ = {isa = PBXFileReference; fileEncoding = 4; lastKnownFileType = sourcecode.c.objc; path = RBLevel.m; sourceTree = "<group>"; };
		D597BEB11817F72800F3881E /* RBGame.h */ = {isa = PBXFileReference; fileEncoding = 4; lastKnownFileType = sourcecode.c.h; path = RBGame.h; sourceTree = "<group>"; };
		D597BEB21817F72800F3881E /* RBGame.m */ = {isa = PBXFileReference; fileEncoding = 4; lastKnownFileType = sourcecode.c.objc; path = RBGame.m; sourceTree = "<group>"; };
		D5BE0FF81821728A0046AAF1 /* RBSharedFunctions.h */ = {isa = PBXFileReference; fileEncoding = 4; lastKnownFileType = sourcecode.c.h; path = RBSharedFunctions.h; sourceTree = "<group>"; };
		D5BE0FF91821728A0046AAF1 /* RBSharedFunctions.m */ = {isa = PBXFileReference; fileEncoding = 4; lastKnownFileType = sourcecode.c.objc; path = RBSharedFunctions.m; sourceTree = "<group>"; };
		D5BE100C18217D7E0046AAF1 /* beam.mp3 */ = {isa = PBXFileReference; lastKnownFileType = audio.mp3; path = beam.mp3; sourceTree = "<group>"; };
		D5BE100D18217D7E0046AAF1 /* byebye.mp3 */ = {isa = PBXFileReference; lastKnownFileType = audio.mp3; path = byebye.mp3; sourceTree = "<group>"; };
		D5BE100E18217D7E0046AAF1 /* comein.mp3 */ = {isa = PBXFileReference; lastKnownFileType = audio.mp3; path = comein.mp3; sourceTree = "<group>"; };
		D5BE100F18217D7E0046AAF1 /* itsaspell.mp3 */ = {isa = PBXFileReference; lastKnownFileType = audio.mp3; path = itsaspell.mp3; sourceTree = "<group>"; };
		D5BE101018217D7E0046AAF1 /* onemusttry.mp3 */ = {isa = PBXFileReference; lastKnownFileType = audio.mp3; path = onemusttry.mp3; sourceTree = "<group>"; };
		D5BE101118217D7E0046AAF1 /* pullover.mp3 */ = {isa = PBXFileReference; lastKnownFileType = audio.mp3; path = pullover.mp3; sourceTree = "<group>"; };
		D5BE101218217D7E0046AAF1 /* sample.mp3 */ = {isa = PBXFileReference; lastKnownFileType = audio.mp3; path = sample.mp3; sourceTree = "<group>"; };
		D5BE101318217D7E0046AAF1 /* soundyes.mp3 */ = {isa = PBXFileReference; lastKnownFileType = audio.mp3; path = soundyes.mp3; sourceTree = "<group>"; };
		D5BE101418217D7E0046AAF1 /* upupandaway.mp3 */ = {isa = PBXFileReference; lastKnownFileType = audio.mp3; path = upupandaway.mp3; sourceTree = "<group>"; };
		D5BE101518217D7E0046AAF1 /* welcome.mp3 */ = {isa = PBXFileReference; lastKnownFileType = audio.mp3; path = welcome.mp3; sourceTree = "<group>"; };
		D5BE101618217D7E0046AAF1 /* whistle.mp3 */ = {isa = PBXFileReference; lastKnownFileType = audio.mp3; path = whistle.mp3; sourceTree = "<group>"; };
		D5BE102218217F8E0046AAF1 /* pholors.png */ = {isa = PBXFileReference; lastKnownFileType = image.png; path = pholors.png; sourceTree = "<group>"; };
		F6850C64181EBBDD00870219 /* GameVC.h */ = {isa = PBXFileReference; fileEncoding = 4; lastKnownFileType = sourcecode.c.h; path = GameVC.h; sourceTree = "<group>"; };
		F6E663391816F8740094EC26 /* Pholors.app */ = {isa = PBXFileReference; explicitFileType = wrapper.application; includeInIndex = 0; path = Pholors.app; sourceTree = BUILT_PRODUCTS_DIR; };
		F6E6633C1816F8740094EC26 /* Foundation.framework */ = {isa = PBXFileReference; lastKnownFileType = wrapper.framework; name = Foundation.framework; path = System/Library/Frameworks/Foundation.framework; sourceTree = SDKROOT; };
		F6E6633E1816F8740094EC26 /* CoreGraphics.framework */ = {isa = PBXFileReference; lastKnownFileType = wrapper.framework; name = CoreGraphics.framework; path = System/Library/Frameworks/CoreGraphics.framework; sourceTree = SDKROOT; };
		F6E663401816F8740094EC26 /* UIKit.framework */ = {isa = PBXFileReference; lastKnownFileType = wrapper.framework; name = UIKit.framework; path = System/Library/Frameworks/UIKit.framework; sourceTree = SDKROOT; };
		F6E663441816F8740094EC26 /* Pholors-Info.plist */ = {isa = PBXFileReference; lastKnownFileType = text.plist.xml; path = "Pholors-Info.plist"; sourceTree = "<group>"; };
		F6E663461816F8740094EC26 /* en */ = {isa = PBXFileReference; lastKnownFileType = text.plist.strings; name = en; path = en.lproj/InfoPlist.strings; sourceTree = "<group>"; };
		F6E663481816F8740094EC26 /* main.m */ = {isa = PBXFileReference; lastKnownFileType = sourcecode.c.objc; path = main.m; sourceTree = "<group>"; };
		F6E6634A1816F8740094EC26 /* Pholors-Prefix.pch */ = {isa = PBXFileReference; lastKnownFileType = sourcecode.c.h; path = "Pholors-Prefix.pch"; sourceTree = "<group>"; };
		F6E6634B1816F8740094EC26 /* AppDelegate.h */ = {isa = PBXFileReference; lastKnownFileType = sourcecode.c.h; path = AppDelegate.h; sourceTree = "<group>"; };
		F6E6634C1816F8740094EC26 /* AppDelegate.m */ = {isa = PBXFileReference; lastKnownFileType = sourcecode.c.objc; path = AppDelegate.m; sourceTree = "<group>"; };
		F6E663541816F8740094EC26 /* Images.xcassets */ = {isa = PBXFileReference; lastKnownFileType = folder.assetcatalog; path = Images.xcassets; sourceTree = "<group>"; };
		F6E6635A1816F8740094EC26 /* PholorsTests.xctest */ = {isa = PBXFileReference; explicitFileType = wrapper.cfbundle; includeInIndex = 0; path = PholorsTests.xctest; sourceTree = BUILT_PRODUCTS_DIR; };
		F6E6635B1816F8740094EC26 /* XCTest.framework */ = {isa = PBXFileReference; lastKnownFileType = wrapper.framework; name = XCTest.framework; path = Library/Frameworks/XCTest.framework; sourceTree = DEVELOPER_DIR; };
		F6E663631816F8740094EC26 /* PholorsTests-Info.plist */ = {isa = PBXFileReference; lastKnownFileType = text.plist.xml; path = "PholorsTests-Info.plist"; sourceTree = "<group>"; };
		F6E663651816F8740094EC26 /* en */ = {isa = PBXFileReference; lastKnownFileType = text.plist.strings; name = en; path = en.lproj/InfoPlist.strings; sourceTree = "<group>"; };
		F6E663671816F8740094EC26 /* PholorsTests.m */ = {isa = PBXFileReference; lastKnownFileType = sourcecode.c.objc; path = PholorsTests.m; sourceTree = "<group>"; };
		F6E6638C1816F9860094EC26 /* GameVC.m */ = {isa = PBXFileReference; fileEncoding = 4; lastKnownFileType = sourcecode.c.objc; path = GameVC.m; sourceTree = "<group>"; };
		F6E6638E1816F9AF0094EC26 /* CameraVC.h */ = {isa = PBXFileReference; fileEncoding = 4; lastKnownFileType = sourcecode.c.h; path = CameraVC.h; sourceTree = "<group>"; };
		F6E6638F1816F9AF0094EC26 /* CameraVC.m */ = {isa = PBXFileReference; fileEncoding = 4; lastKnownFileType = sourcecode.c.objc; path = CameraVC.m; sourceTree = "<group>"; };
		F6E663901816F9AF0094EC26 /* RBImageProcessor.h */ = {isa = PBXFileReference; fileEncoding = 4; lastKnownFileType = sourcecode.c.h; path = RBImageProcessor.h; sourceTree = "<group>"; };
		F6E663911816F9AF0094EC26 /* RBImageProcessor.m */ = {isa = PBXFileReference; fileEncoding = 4; lastKnownFileType = sourcecode.c.objc; path = RBImageProcessor.m; sourceTree = "<group>"; };
		F6F5C6D4181E9F89004A58D6 /* MainVC.h */ = {isa = PBXFileReference; fileEncoding = 4; lastKnownFileType = sourcecode.c.h; path = MainVC.h; sourceTree = "<group>"; };
		F6F5C6D5181E9F89004A58D6 /* MainVC.m */ = {isa = PBXFileReference; fileEncoding = 4; lastKnownFileType = sourcecode.c.objc; path = MainVC.m; sourceTree = "<group>"; };
/* End PBXFileReference section */

/* Begin PBXFrameworksBuildPhase section */
		F6E663361816F8740094EC26 /* Frameworks */ = {
			isa = PBXFrameworksBuildPhase;
			buildActionMask = 2147483647;
			files = (
				F6E6633F1816F8740094EC26 /* CoreGraphics.framework in Frameworks */,
				F6E663411816F8740094EC26 /* UIKit.framework in Frameworks */,
				F6E6633D1816F8740094EC26 /* Foundation.framework in Frameworks */,
			);
			runOnlyForDeploymentPostprocessing = 0;
		};
		F6E663571816F8740094EC26 /* Frameworks */ = {
			isa = PBXFrameworksBuildPhase;
			buildActionMask = 2147483647;
			files = (
				F6E6635C1816F8740094EC26 /* XCTest.framework in Frameworks */,
				F6E6635E1816F8740094EC26 /* UIKit.framework in Frameworks */,
				F6E6635D1816F8740094EC26 /* Foundation.framework in Frameworks */,
			);
			runOnlyForDeploymentPostprocessing = 0;
		};
/* End PBXFrameworksBuildPhase section */

/* Begin PBXGroup section */
		D591366E18B3D42F00CEE732 /* Color */ = {
			isa = PBXGroup;
			children = (
				D591366F18B3D44300CEE732 /* Colors.json */,
				D591366B18B3D42200CEE732 /* UIColor+Named.h */,
				D591366C18B3D42200CEE732 /* UIColor+Named.m */,
			);
			name = Color;
			sourceTree = "<group>";
		};
		D592052418184539004F58BD /* images */ = {
			isa = PBXGroup;
			children = (
				D597664A18202973008AA843 /* 6b2dd6f01f209f7fac5de216c820e516.jpg */,
				D592052518184539004F58BD /* 0star.png */,
				D5BE102218217F8E0046AAF1 /* pholors.png */,
				D592052618184539004F58BD /* 1star.png */,
				D592052718184539004F58BD /* 2star.png */,
				D592052818184539004F58BD /* 3star.png */,
			);
			path = images;
			sourceTree = "<group>";
		};
		D596F1FD181EB66800CF092D /* Model */ = {
			isa = PBXGroup;
			children = (
				D591366E18B3D42F00CEE732 /* Color */,
				F6E663901816F9AF0094EC26 /* RBImageProcessor.h */,
				F6E663911816F9AF0094EC26 /* RBImageProcessor.m */,
				D597BEAE1817EAAF00F3881E /* RBLevel.h */,
				D597BEAF1817EAAF00F3881E /* RBLevel.m */,
				D597BEB11817F72800F3881E /* RBGame.h */,
				D597BEB21817F72800F3881E /* RBGame.m */,
				3D8E9A7C1817FC0D0038E72D /* RBTimer.h */,
				3D8E9A7D1817FC0D0038E72D /* RBTimer.m */,
				D5BE0FF81821728A0046AAF1 /* RBSharedFunctions.h */,
				D5BE0FF91821728A0046AAF1 /* RBSharedFunctions.m */,
			);
			name = Model;
			sourceTree = "<group>";
		};
		D596F1FE181EB68500CF092D /* ViewController */ = {
			isa = PBXGroup;
			children = (
				D592052018183B11004F58BD /* LevelsVC.h */,
				D592052118183B11004F58BD /* LevelsVC.m */,
				D592052F18184C61004F58BD /* LevelTableCell.h */,
				D592053018184C61004F58BD /* LevelTableCell.m */,
				F6F5C6D4181E9F89004A58D6 /* MainVC.h */,
				F6F5C6D5181E9F89004A58D6 /* MainVC.m */,
				F6850C64181EBBDD00870219 /* GameVC.h */,
				F6E6638C1816F9860094EC26 /* GameVC.m */,
				F6E6638E1816F9AF0094EC26 /* CameraVC.h */,
				F6E6638F1816F9AF0094EC26 /* CameraVC.m */,
				3DC3D33D1818355B00096DA2 /* EndGameVC.h */,
				3DC3D33E1818355B00096DA2 /* EndGameVC.m */,
			);
			name = ViewController;
			sourceTree = "<group>";
		};
		D5BE100B18217D7E0046AAF1 /* sounds */ = {
			isa = PBXGroup;
			children = (
				D5BE100C18217D7E0046AAF1 /* beam.mp3 */,
				D5BE100D18217D7E0046AAF1 /* byebye.mp3 */,
				D5BE100E18217D7E0046AAF1 /* comein.mp3 */,
				D5BE100F18217D7E0046AAF1 /* itsaspell.mp3 */,
				D5BE101018217D7E0046AAF1 /* onemusttry.mp3 */,
				D5BE101118217D7E0046AAF1 /* pullover.mp3 */,
				D5BE101218217D7E0046AAF1 /* sample.mp3 */,
				D5BE101318217D7E0046AAF1 /* soundyes.mp3 */,
				D5BE101418217D7E0046AAF1 /* upupandaway.mp3 */,
				D5BE101518217D7E0046AAF1 /* welcome.mp3 */,
				D5BE101618217D7E0046AAF1 /* whistle.mp3 */,
			);
			path = sounds;
			sourceTree = "<group>";
		};
		F6E663301816F8740094EC26 = {
			isa = PBXGroup;
			children = (
				F6E663421816F8740094EC26 /* Pholors */,
				F6E663611816F8740094EC26 /* PholorsTests */,
				F6E6633B1816F8740094EC26 /* Frameworks */,
				F6E6633A1816F8740094EC26 /* Products */,
			);
			sourceTree = "<group>";
		};
		F6E6633A1816F8740094EC26 /* Products */ = {
			isa = PBXGroup;
			children = (
				F6E663391816F8740094EC26 /* Pholors.app */,
				F6E6635A1816F8740094EC26 /* PholorsTests.xctest */,
			);
			name = Products;
			sourceTree = "<group>";
		};
		F6E6633B1816F8740094EC26 /* Frameworks */ = {
			isa = PBXGroup;
			children = (
				F6E6633C1816F8740094EC26 /* Foundation.framework */,
				F6E6633E1816F8740094EC26 /* CoreGraphics.framework */,
				F6E663401816F8740094EC26 /* UIKit.framework */,
				F6E6635B1816F8740094EC26 /* XCTest.framework */,
			);
			name = Frameworks;
			sourceTree = "<group>";
		};
		F6E663421816F8740094EC26 /* Pholors */ = {
			isa = PBXGroup;
			children = (
				D592052418184539004F58BD /* images */,
				D5BE100B18217D7E0046AAF1 /* sounds */,
				D596F1FE181EB68500CF092D /* ViewController */,
				D596F1FD181EB66800CF092D /* Model */,
				3DB6687E18F6FAC7001262DF /* Main.storyboard */,
				F6E6634B1816F8740094EC26 /* AppDelegate.h */,
				F6E6634C1816F8740094EC26 /* AppDelegate.m */,
				F6E663541816F8740094EC26 /* Images.xcassets */,
				F6E663431816F8740094EC26 /* Supporting Files */,
			);
			path = Pholors;
			sourceTree = "<group>";
		};
		F6E663431816F8740094EC26 /* Supporting Files */ = {
			isa = PBXGroup;
			children = (
				3DB9D18C18F7056B00CE65EC /* Localizable.strings */,
				F6E663441816F8740094EC26 /* Pholors-Info.plist */,
				F6E663451816F8740094EC26 /* InfoPlist.strings */,
				F6E663481816F8740094EC26 /* main.m */,
				F6E6634A1816F8740094EC26 /* Pholors-Prefix.pch */,
			);
			name = "Supporting Files";
			sourceTree = "<group>";
		};
		F6E663611816F8740094EC26 /* PholorsTests */ = {
			isa = PBXGroup;
			children = (
				F6E663671816F8740094EC26 /* PholorsTests.m */,
				F6E663621816F8740094EC26 /* Supporting Files */,
			);
			path = PholorsTests;
			sourceTree = "<group>";
		};
		F6E663621816F8740094EC26 /* Supporting Files */ = {
			isa = PBXGroup;
			children = (
				F6E663631816F8740094EC26 /* PholorsTests-Info.plist */,
				F6E663641816F8740094EC26 /* InfoPlist.strings */,
			);
			name = "Supporting Files";
			sourceTree = "<group>";
		};
/* End PBXGroup section */

/* Begin PBXNativeTarget section */
		F6E663381816F8740094EC26 /* Pholors */ = {
			isa = PBXNativeTarget;
			buildConfigurationList = F6E6636B1816F8740094EC26 /* Build configuration list for PBXNativeTarget "Pholors" */;
			buildPhases = (
				F6E663351816F8740094EC26 /* Sources */,
				F6E663361816F8740094EC26 /* Frameworks */,
				F6E663371816F8740094EC26 /* Resources */,
			);
			buildRules = (
			);
			dependencies = (
			);
			name = Pholors;
			productName = Pholors;
			productReference = F6E663391816F8740094EC26 /* Pholors.app */;
			productType = "com.apple.product-type.application";
		};
		F6E663591816F8740094EC26 /* PholorsTests */ = {
			isa = PBXNativeTarget;
			buildConfigurationList = F6E6636E1816F8740094EC26 /* Build configuration list for PBXNativeTarget "PholorsTests" */;
			buildPhases = (
				F6E663561816F8740094EC26 /* Sources */,
				F6E663571816F8740094EC26 /* Frameworks */,
				F6E663581816F8740094EC26 /* Resources */,
			);
			buildRules = (
			);
			dependencies = (
				F6E663601816F8740094EC26 /* PBXTargetDependency */,
			);
			name = PholorsTests;
			productName = PholorsTests;
			productReference = F6E6635A1816F8740094EC26 /* PholorsTests.xctest */;
			productType = "com.apple.product-type.bundle.unit-test";
		};
/* End PBXNativeTarget section */

/* Begin PBXProject section */
		F6E663311816F8740094EC26 /* Project object */ = {
			isa = PBXProject;
			attributes = {
				LastUpgradeCheck = 0510;
				ORGANIZATIONNAME = "Rock Bottom";
				TargetAttributes = {
					F6E663381816F8740094EC26 = {
						DevelopmentTeam = BA2CZKU7QH;
					};
					F6E663591816F8740094EC26 = {
						TestTargetID = F6E663381816F8740094EC26;
					};
				};
			};
			buildConfigurationList = F6E663341816F8740094EC26 /* Build configuration list for PBXProject "Pholors" */;
			compatibilityVersion = "Xcode 3.2";
			developmentRegion = English;
			hasScannedForEncodings = 0;
			knownRegions = (
				en,
				Base,
				de,
				pt,
			);
			mainGroup = F6E663301816F8740094EC26;
			productRefGroup = F6E6633A1816F8740094EC26 /* Products */;
			projectDirPath = "";
			projectRoot = "";
			targets = (
				F6E663381816F8740094EC26 /* Pholors */,
				F6E663591816F8740094EC26 /* PholorsTests */,
			);
		};
/* End PBXProject section */

/* Begin PBXResourcesBuildPhase section */
		F6E663371816F8740094EC26 /* Resources */ = {
			isa = PBXResourcesBuildPhase;
			buildActionMask = 2147483647;
			files = (
				F6E663551816F8740094EC26 /* Images.xcassets in Resources */,
				D5BE102318217F8E0046AAF1 /* pholors.png in Resources */,
				D591367018B3D44300CEE732 /* Colors.json in Resources */,
				D5BE101A18217D7E0046AAF1 /* itsaspell.mp3 in Resources */,
				D5BE101718217D7E0046AAF1 /* beam.mp3 in Resources */,
				D592052C18184539004F58BD /* 3star.png in Resources */,
				D592052A18184539004F58BD /* 1star.png in Resources */,
				D5BE102118217D7E0046AAF1 /* whistle.mp3 in Resources */,
				D592052B18184539004F58BD /* 2star.png in Resources */,
				F6E663471816F8740094EC26 /* InfoPlist.strings in Resources */,
				D592052918184539004F58BD /* 0star.png in Resources */,
				D5BE101918217D7E0046AAF1 /* comein.mp3 in Resources */,
				D5BE101E18217D7E0046AAF1 /* soundyes.mp3 in Resources */,
				3DB9D18A18F7056B00CE65EC /* Localizable.strings in Resources */,
				3DB6687C18F6FAC7001262DF /* Main.storyboard in Resources */,
				D5BE101D18217D7E0046AAF1 /* sample.mp3 in Resources */,
				D5BE102018217D7E0046AAF1 /* welcome.mp3 in Resources */,
				D5BE101F18217D7E0046AAF1 /* upupandaway.mp3 in Resources */,
				D5BE101B18217D7E0046AAF1 /* onemusttry.mp3 in Resources */,
				D5BE101818217D7E0046AAF1 /* byebye.mp3 in Resources */,
				D597664B18202974008AA843 /* 6b2dd6f01f209f7fac5de216c820e516.jpg in Resources */,
				D5BE101C18217D7E0046AAF1 /* pullover.mp3 in Resources */,
			);
			runOnlyForDeploymentPostprocessing = 0;
		};
		F6E663581816F8740094EC26 /* Resources */ = {
			isa = PBXResourcesBuildPhase;
			buildActionMask = 2147483647;
			files = (
				F6E663661816F8740094EC26 /* InfoPlist.strings in Resources */,
			);
			runOnlyForDeploymentPostprocessing = 0;
		};
/* End PBXResourcesBuildPhase section */

/* Begin PBXSourcesBuildPhase section */
		F6E663351816F8740094EC26 /* Sources */ = {
			isa = PBXSourcesBuildPhase;
			buildActionMask = 2147483647;
			files = (
				D5BE0FFA1821728A0046AAF1 /* RBSharedFunctions.m in Sources */,
				3DC3D33F1818355B00096DA2 /* EndGameVC.m in Sources */,
				D592052218183B11004F58BD /* LevelsVC.m in Sources */,
				3D8E9A7E1817FC0D0038E72D /* RBTimer.m in Sources */,
				D597BEB01817EAAF00F3881E /* RBLevel.m in Sources */,
				F6F5C6D6181E9F89004A58D6 /* MainVC.m in Sources */,
				F6E6638D1816F9860094EC26 /* GameVC.m in Sources */,
				D591366D18B3D42200CEE732 /* UIColor+Named.m in Sources */,
				F6E663921816F9AF0094EC26 /* CameraVC.m in Sources */,
				D592053118184C61004F58BD /* LevelTableCell.m in Sources */,
				F6E663931816F9AF0094EC26 /* RBImageProcessor.m in Sources */,
				F6E6634D1816F8740094EC26 /* AppDelegate.m in Sources */,
				D597BEB31817F72800F3881E /* RBGame.m in Sources */,
				F6E663491816F8740094EC26 /* main.m in Sources */,
			);
			runOnlyForDeploymentPostprocessing = 0;
		};
		F6E663561816F8740094EC26 /* Sources */ = {
			isa = PBXSourcesBuildPhase;
			buildActionMask = 2147483647;
			files = (
				F6E663681816F8740094EC26 /* PholorsTests.m in Sources */,
			);
			runOnlyForDeploymentPostprocessing = 0;
		};
/* End PBXSourcesBuildPhase section */

/* Begin PBXTargetDependency section */
		F6E663601816F8740094EC26 /* PBXTargetDependency */ = {
			isa = PBXTargetDependency;
			target = F6E663381816F8740094EC26 /* Pholors */;
			targetProxy = F6E6635F1816F8740094EC26 /* PBXContainerItemProxy */;
		};
/* End PBXTargetDependency section */

/* Begin PBXVariantGroup section */
		3DB6687E18F6FAC7001262DF /* Main.storyboard */ = {
			isa = PBXVariantGroup;
			children = (
				3DB6687F18F6FAD6001262DF /* Base */,
				3DB9D19118F7070700CE65EC /* pt */,
				3DB9D19218F7070B00CE65EC /* en */,
			);
			name = Main.storyboard;
			sourceTree = "<group>";
		};
		3DB9D18C18F7056B00CE65EC /* Localizable.strings */ = {
			isa = PBXVariantGroup;
			children = (
				3DB9D18B18F7056B00CE65EC /* Base */,
				3DB9D18D18F7056F00CE65EC /* pt */,
				3DB9D18E18F7057000CE65EC /* en */,
			);
			name = Localizable.strings;
			sourceTree = "<group>";
		};
		F6E663451816F8740094EC26 /* InfoPlist.strings */ = {
			isa = PBXVariantGroup;
			children = (
				F6E663461816F8740094EC26 /* en */,
				3DB6688118F6FB61001262DF /* Base */,
				3DB6688218F6FB67001262DF /* pt */,
			);
			name = InfoPlist.strings;
			sourceTree = "<group>";
		};
		F6E663641816F8740094EC26 /* InfoPlist.strings */ = {
			isa = PBXVariantGroup;
			children = (
				F6E663651816F8740094EC26 /* en */,
			);
			name = InfoPlist.strings;
			sourceTree = "<group>";
		};
/* End PBXVariantGroup section */

/* Begin XCBuildConfiguration section */
		F6E663691816F8740094EC26 /* Debug */ = {
			isa = XCBuildConfiguration;
			buildSettings = {
				ALWAYS_SEARCH_USER_PATHS = NO;
				CLANG_CXX_LANGUAGE_STANDARD = "gnu++0x";
				CLANG_CXX_LIBRARY = "libc++";
				CLANG_ENABLE_MODULES = YES;
				CLANG_ENABLE_OBJC_ARC = YES;
				CLANG_WARN_BOOL_CONVERSION = YES;
				CLANG_WARN_CONSTANT_CONVERSION = YES;
				CLANG_WARN_DIRECT_OBJC_ISA_USAGE = YES_ERROR;
				CLANG_WARN_EMPTY_BODY = YES;
				CLANG_WARN_ENUM_CONVERSION = YES;
				CLANG_WARN_INT_CONVERSION = YES;
				CLANG_WARN_OBJC_ROOT_CLASS = YES_ERROR;
				CLANG_WARN__DUPLICATE_METHOD_MATCH = YES;
				"CODE_SIGN_IDENTITY[sdk=iphoneos*]" = "iPhone Developer";
				COPY_PHASE_STRIP = NO;
				GCC_C_LANGUAGE_STANDARD = gnu99;
				GCC_DYNAMIC_NO_PIC = NO;
				GCC_OPTIMIZATION_LEVEL = 0;
				GCC_PREPROCESSOR_DEFINITIONS = (
					"DEBUG=1",
					"$(inherited)",
				);
				GCC_SYMBOLS_PRIVATE_EXTERN = NO;
				GCC_WARN_64_TO_32_BIT_CONVERSION = YES;
				GCC_WARN_ABOUT_RETURN_TYPE = YES_ERROR;
				GCC_WARN_UNDECLARED_SELECTOR = YES;
				GCC_WARN_UNINITIALIZED_AUTOS = YES;
				GCC_WARN_UNUSED_FUNCTION = YES;
				GCC_WARN_UNUSED_VARIABLE = YES;
				IPHONEOS_DEPLOYMENT_TARGET = 7.1;
				ONLY_ACTIVE_ARCH = YES;
				SDKROOT = iphoneos;
			};
			name = Debug;
		};
		F6E6636A1816F8740094EC26 /* Release */ = {
			isa = XCBuildConfiguration;
			buildSettings = {
				ALWAYS_SEARCH_USER_PATHS = NO;
				CLANG_CXX_LANGUAGE_STANDARD = "gnu++0x";
				CLANG_CXX_LIBRARY = "libc++";
				CLANG_ENABLE_MODULES = YES;
				CLANG_ENABLE_OBJC_ARC = YES;
				CLANG_WARN_BOOL_CONVERSION = YES;
				CLANG_WARN_CONSTANT_CONVERSION = YES;
				CLANG_WARN_DIRECT_OBJC_ISA_USAGE = YES_ERROR;
				CLANG_WARN_EMPTY_BODY = YES;
				CLANG_WARN_ENUM_CONVERSION = YES;
				CLANG_WARN_INT_CONVERSION = YES;
				CLANG_WARN_OBJC_ROOT_CLASS = YES_ERROR;
				CLANG_WARN__DUPLICATE_METHOD_MATCH = YES;
				"CODE_SIGN_IDENTITY[sdk=iphoneos*]" = "iPhone Developer";
				COPY_PHASE_STRIP = YES;
				ENABLE_NS_ASSERTIONS = NO;
				GCC_C_LANGUAGE_STANDARD = gnu99;
				GCC_WARN_64_TO_32_BIT_CONVERSION = YES;
				GCC_WARN_ABOUT_RETURN_TYPE = YES_ERROR;
				GCC_WARN_UNDECLARED_SELECTOR = YES;
				GCC_WARN_UNINITIALIZED_AUTOS = YES;
				GCC_WARN_UNUSED_FUNCTION = YES;
				GCC_WARN_UNUSED_VARIABLE = YES;
				IPHONEOS_DEPLOYMENT_TARGET = 7.1;
				SDKROOT = iphoneos;
				VALIDATE_PRODUCT = YES;
			};
			name = Release;
		};
		F6E6636C1816F8740094EC26 /* Debug */ = {
			isa = XCBuildConfiguration;
			buildSettings = {
				ASSETCATALOG_COMPILER_APPICON_NAME = AppIcon;
				ASSETCATALOG_COMPILER_LAUNCHIMAGE_NAME = LaunchImage;
				CODE_SIGN_IDENTITY = "iPhone Developer";
				"CODE_SIGN_IDENTITY[sdk=iphoneos*]" = "iPhone Developer";
				GCC_PRECOMPILE_PREFIX_HEADER = YES;
				GCC_PREFIX_HEADER = "Pholors/Pholors-Prefix.pch";
				INFOPLIST_FILE = "Pholors/Pholors-Info.plist";
				PRODUCT_NAME = "$(TARGET_NAME)";
				PROVISIONING_PROFILE = "";
				WRAPPER_EXTENSION = app;
			};
			name = Debug;
		};
		F6E6636D1816F8740094EC26 /* Release */ = {
			isa = XCBuildConfiguration;
			buildSettings = {
				ASSETCATALOG_COMPILER_APPICON_NAME = AppIcon;
				ASSETCATALOG_COMPILER_LAUNCHIMAGE_NAME = LaunchImage;
				CODE_SIGN_IDENTITY = "iPhone Developer";
				"CODE_SIGN_IDENTITY[sdk=iphoneos*]" = "iPhone Developer";
				GCC_PRECOMPILE_PREFIX_HEADER = YES;
				GCC_PREFIX_HEADER = "Pholors/Pholors-Prefix.pch";
				INFOPLIST_FILE = "Pholors/Pholors-Info.plist";
				PRODUCT_NAME = "$(TARGET_NAME)";
				PROVISIONING_PROFILE = "";
				WRAPPER_EXTENSION = app;
			};
			name = Release;
		};
		F6E6636F1816F8740094EC26 /* Debug */ = {
			isa = XCBuildConfiguration;
			buildSettings = {
				BUNDLE_LOADER = "$(BUILT_PRODUCTS_DIR)/Pholors.app/Pholors";
				FRAMEWORK_SEARCH_PATHS = (
					"$(SDKROOT)/Developer/Library/Frameworks",
					"$(inherited)",
					"$(DEVELOPER_FRAMEWORKS_DIR)",
				);
				GCC_PRECOMPILE_PREFIX_HEADER = YES;
				GCC_PREFIX_HEADER = "Pholors/Pholors-Prefix.pch";
				GCC_PREPROCESSOR_DEFINITIONS = (
					"DEBUG=1",
					"$(inherited)",
				);
				INFOPLIST_FILE = "PholorsTests/PholorsTests-Info.plist";
				PRODUCT_NAME = "$(TARGET_NAME)";
				TEST_HOST = "$(BUNDLE_LOADER)";
				WRAPPER_EXTENSION = xctest;
			};
			name = Debug;
		};
		F6E663701816F8740094EC26 /* Release */ = {
			isa = XCBuildConfiguration;
			buildSettings = {
				BUNDLE_LOADER = "$(BUILT_PRODUCTS_DIR)/Pholors.app/Pholors";
				FRAMEWORK_SEARCH_PATHS = (
					"$(SDKROOT)/Developer/Library/Frameworks",
					"$(inherited)",
					"$(DEVELOPER_FRAMEWORKS_DIR)",
				);
				GCC_PRECOMPILE_PREFIX_HEADER = YES;
				GCC_PREFIX_HEADER = "Pholors/Pholors-Prefix.pch";
				INFOPLIST_FILE = "PholorsTests/PholorsTests-Info.plist";
				PRODUCT_NAME = "$(TARGET_NAME)";
				TEST_HOST = "$(BUNDLE_LOADER)";
				WRAPPER_EXTENSION = xctest;
			};
			name = Release;
		};
/* End XCBuildConfiguration section */

/* Begin XCConfigurationList section */
		F6E663341816F8740094EC26 /* Build configuration list for PBXProject "Pholors" */ = {
			isa = XCConfigurationList;
			buildConfigurations = (
				F6E663691816F8740094EC26 /* Debug */,
				F6E6636A1816F8740094EC26 /* Release */,
			);
			defaultConfigurationIsVisible = 0;
			defaultConfigurationName = Release;
		};
		F6E6636B1816F8740094EC26 /* Build configuration list for PBXNativeTarget "Pholors" */ = {
			isa = XCConfigurationList;
			buildConfigurations = (
				F6E6636C1816F8740094EC26 /* Debug */,
				F6E6636D1816F8740094EC26 /* Release */,
			);
			defaultConfigurationIsVisible = 0;
			defaultConfigurationName = Release;
		};
		F6E6636E1816F8740094EC26 /* Build configuration list for PBXNativeTarget "PholorsTests" */ = {
			isa = XCConfigurationList;
			buildConfigurations = (
				F6E6636F1816F8740094EC26 /* Debug */,
				F6E663701816F8740094EC26 /* Release */,
			);
			defaultConfigurationIsVisible = 0;
			defaultConfigurationName = Release;
		};
/* End XCConfigurationList section */
	};
	rootObject = F6E663311816F8740094EC26 /* Project object */;
}
