// !$*UTF8*$!
{
	archiveVersion = 1;
	classes = {
	};
	objectVersion = 46;
	objects = {

/* Begin PBXBuildFile section */
		3D8E9A7E1817FC0D0038E72D /* RBTimer.m in Sources */ = {isa = PBXBuildFile; fileRef = 3D8E9A7D1817FC0D0038E72D /* RBTimer.m */; };
		3DC3D33F1818355B00096DA2 /* GameOverViewController.m in Sources */ = {isa = PBXBuildFile; fileRef = 3DC3D33E1818355B00096DA2 /* GameOverViewController.m */; };
		3DC3D34218183E2300096DA2 /* RBCustomSegue.m in Sources */ = {isa = PBXBuildFile; fileRef = 3DC3D34118183E2300096DA2 /* RBCustomSegue.m */; };
		D592052218183B11004F58BD /* LevelsViewController.m in Sources */ = {isa = PBXBuildFile; fileRef = D592052118183B11004F58BD /* LevelsViewController.m */; };
		D592052918184539004F58BD /* 0star.png in Resources */ = {isa = PBXBuildFile; fileRef = D592052518184539004F58BD /* 0star.png */; };
		D592052A18184539004F58BD /* 1star.png in Resources */ = {isa = PBXBuildFile; fileRef = D592052618184539004F58BD /* 1star.png */; };
		D592052B18184539004F58BD /* 2star.png in Resources */ = {isa = PBXBuildFile; fileRef = D592052718184539004F58BD /* 2star.png */; };
		D592052C18184539004F58BD /* 3star.png in Resources */ = {isa = PBXBuildFile; fileRef = D592052818184539004F58BD /* 3star.png */; };
		D592053118184C61004F58BD /* LevelTableCell.m in Sources */ = {isa = PBXBuildFile; fileRef = D592053018184C61004F58BD /* LevelTableCell.m */; };
		D597664B18202974008AA843 /* 6b2dd6f01f209f7fac5de216c820e516.jpg in Resources */ = {isa = PBXBuildFile; fileRef = D597664A18202973008AA843 /* 6b2dd6f01f209f7fac5de216c820e516.jpg */; };
		D597664D182030A8008AA843 /* pholors.jpg in Resources */ = {isa = PBXBuildFile; fileRef = D597664C182030A8008AA843 /* pholors.jpg */; };
		D597BEB01817EAAF00F3881E /* RBLevel.m in Sources */ = {isa = PBXBuildFile; fileRef = D597BEAF1817EAAF00F3881E /* RBLevel.m */; };
		D597BEB31817F72800F3881E /* RBGame.m in Sources */ = {isa = PBXBuildFile; fileRef = D597BEB21817F72800F3881E /* RBGame.m */; };
		F6E6633D1816F8740094EC26 /* Foundation.framework in Frameworks */ = {isa = PBXBuildFile; fileRef = F6E6633C1816F8740094EC26 /* Foundation.framework */; };
		F6E6633F1816F8740094EC26 /* CoreGraphics.framework in Frameworks */ = {isa = PBXBuildFile; fileRef = F6E6633E1816F8740094EC26 /* CoreGraphics.framework */; };
		F6E663411816F8740094EC26 /* UIKit.framework in Frameworks */ = {isa = PBXBuildFile; fileRef = F6E663401816F8740094EC26 /* UIKit.framework */; };
		F6E663471816F8740094EC26 /* InfoPlist.strings in Resources */ = {isa = PBXBuildFile; fileRef = F6E663451816F8740094EC26 /* InfoPlist.strings */; };
		F6E663491816F8740094EC26 /* main.m in Sources */ = {isa = PBXBuildFile; fileRef = F6E663481816F8740094EC26 /* main.m */; };
		F6E6634D1816F8740094EC26 /* AppDelegate.m in Sources */ = {isa = PBXBuildFile; fileRef = F6E6634C1816F8740094EC26 /* AppDelegate.m */; };
		F6E663551816F8740094EC26 /* Images.xcassets in Resources */ = {isa = PBXBuildFile; fileRef = F6E663541816F8740094EC26 /* Images.xcassets */; };
		F6E6635C1816F8740094EC26 /* XCTest.framework in Frameworks */ = {isa = PBXBuildFile; fileRef = F6E6635B1816F8740094EC26 /* XCTest.framework */; };
		F6E6635D1816F8740094EC26 /* Foundation.framework in Frameworks */ = {isa = PBXBuildFile; fileRef = F6E6633C1816F8740094EC26 /* Foundation.framework */; };
		F6E6635E1816F8740094EC26 /* UIKit.framework in Frameworks */ = {isa = PBXBuildFile; fileRef = F6E663401816F8740094EC26 /* UIKit.framework */; };
		F6E663661816F8740094EC26 /* InfoPlist.strings in Resources */ = {isa = PBXBuildFile; fileRef = F6E663641816F8740094EC26 /* InfoPlist.strings */; };
		F6E663681816F8740094EC26 /* PholorsTests.m in Sources */ = {isa = PBXBuildFile; fileRef = F6E663671816F8740094EC26 /* PholorsTests.m */; };
		F6E6638D1816F9860094EC26 /* ViewController.m in Sources */ = {isa = PBXBuildFile; fileRef = F6E6638C1816F9860094EC26 /* ViewController.m */; };
		F6E663921816F9AF0094EC26 /* GalleryViewController.m in Sources */ = {isa = PBXBuildFile; fileRef = F6E6638F1816F9AF0094EC26 /* GalleryViewController.m */; };
		F6E663931816F9AF0094EC26 /* RBImage.m in Sources */ = {isa = PBXBuildFile; fileRef = F6E663911816F9AF0094EC26 /* RBImage.m */; };
		F6F299091817DBA300E97D0F /* Main.storyboard in Resources */ = {isa = PBXBuildFile; fileRef = F6F299081817DBA300E97D0F /* Main.storyboard */; };
		F6F5C6D6181E9F89004A58D6 /* MainViewController.m in Sources */ = {isa = PBXBuildFile; fileRef = F6F5C6D5181E9F89004A58D6 /* MainViewController.m */; };
/* End PBXBuildFile section */

/* Begin PBXContainerItemProxy section */
		F6E6635F1816F8740094EC26 /* PBXContainerItemProxy */ = {
			isa = PBXContainerItemProxy;
			containerPortal = F6E663311816F8740094EC26 /* Project object */;
			proxyType = 1;
			remoteGlobalIDString = F6E663381816F8740094EC26;
			remoteInfo = Pholors;
		};
/* End PBXContainerItemProxy section */

/* Begin PBXFileReference section */
		3D8E9A7C1817FC0D0038E72D /* RBTimer.h */ = {isa = PBXFileReference; fileEncoding = 4; lastKnownFileType = sourcecode.c.h; path = RBTimer.h; sourceTree = "<group>"; };
		3D8E9A7D1817FC0D0038E72D /* RBTimer.m */ = {isa = PBXFileReference; fileEncoding = 4; lastKnownFileType = sourcecode.c.objc; path = RBTimer.m; sourceTree = "<group>"; };
		3DC3D33D1818355B00096DA2 /* GameOverViewController.h */ = {isa = PBXFileReference; fileEncoding = 4; lastKnownFileType = sourcecode.c.h; path = GameOverViewController.h; sourceTree = "<group>"; };
		3DC3D33E1818355B00096DA2 /* GameOverViewController.m */ = {isa = PBXFileReference; fileEncoding = 4; lastKnownFileType = sourcecode.c.objc; path = GameOverViewController.m; sourceTree = "<group>"; };
		3DC3D34018183E2300096DA2 /* RBCustomSegue.h */ = {isa = PBXFileReference; fileEncoding = 4; lastKnownFileType = sourcecode.c.h; path = RBCustomSegue.h; sourceTree = "<group>"; };
		3DC3D34118183E2300096DA2 /* RBCustomSegue.m */ = {isa = PBXFileReference; fileEncoding = 4; lastKnownFileType = sourcecode.c.objc; path = RBCustomSegue.m; sourceTree = "<group>"; };
		D592052018183B11004F58BD /* LevelsViewController.h */ = {isa = PBXFileReference; fileEncoding = 4; lastKnownFileType = sourcecode.c.h; path = LevelsViewController.h; sourceTree = "<group>"; };
		D592052118183B11004F58BD /* LevelsViewController.m */ = {isa = PBXFileReference; fileEncoding = 4; lastKnownFileType = sourcecode.c.objc; path = LevelsViewController.m; sourceTree = "<group>"; };
		D592052518184539004F58BD /* 0star.png */ = {isa = PBXFileReference; lastKnownFileType = image.png; path = 0star.png; sourceTree = "<group>"; };
		D592052618184539004F58BD /* 1star.png */ = {isa = PBXFileReference; lastKnownFileType = image.png; path = 1star.png; sourceTree = "<group>"; };
		D592052718184539004F58BD /* 2star.png */ = {isa = PBXFileReference; lastKnownFileType = image.png; path = 2star.png; sourceTree = "<group>"; };
		D592052818184539004F58BD /* 3star.png */ = {isa = PBXFileReference; lastKnownFileType = image.png; path = 3star.png; sourceTree = "<group>"; };
		D592052F18184C61004F58BD /* LevelTableCell.h */ = {isa = PBXFileReference; fileEncoding = 4; lastKnownFileType = sourcecode.c.h; path = LevelTableCell.h; sourceTree = "<group>"; };
		D592053018184C61004F58BD /* LevelTableCell.m */ = {isa = PBXFileReference; fileEncoding = 4; lastKnownFileType = sourcecode.c.objc; path = LevelTableCell.m; sourceTree = "<group>"; };
		D597664A18202973008AA843 /* 6b2dd6f01f209f7fac5de216c820e516.jpg */ = {isa = PBXFileReference; lastKnownFileType = image.jpeg; path = 6b2dd6f01f209f7fac5de216c820e516.jpg; sourceTree = "<group>"; };
		D597664C182030A8008AA843 /* pholors.jpg */ = {isa = PBXFileReference; lastKnownFileType = image.jpeg; path = pholors.jpg; sourceTree = "<group>"; };
		D597BEAE1817EAAF00F3881E /* RBLevel.h */ = {isa = PBXFileReference; fileEncoding = 4; lastKnownFileType = sourcecode.c.h; path = RBLevel.h; sourceTree = "<group>"; };
		D597BEAF1817EAAF00F3881E /* RBLevel.m */ = {isa = PBXFileReference; fileEncoding = 4; lastKnownFileType = sourcecode.c.objc; path = RBLevel.m; sourceTree = "<group>"; };
		D597BEB11817F72800F3881E /* RBGame.h */ = {isa = PBXFileReference; fileEncoding = 4; lastKnownFileType = sourcecode.c.h; path = RBGame.h; sourceTree = "<group>"; };
		D597BEB21817F72800F3881E /* RBGame.m */ = {isa = PBXFileReference; fileEncoding = 4; lastKnownFileType = sourcecode.c.objc; path = RBGame.m; sourceTree = "<group>"; };
		F6850C64181EBBDD00870219 /* ViewController.h */ = {isa = PBXFileReference; fileEncoding = 4; lastKnownFileType = sourcecode.c.h; path = ViewController.h; sourceTree = "<group>"; };
		F6E663391816F8740094EC26 /* Pholors.app */ = {isa = PBXFileReference; explicitFileType = wrapper.application; includeInIndex = 0; path = Pholors.app; sourceTree = BUILT_PRODUCTS_DIR; };
		F6E6633C1816F8740094EC26 /* Foundation.framework */ = {isa = PBXFileReference; lastKnownFileType = wrapper.framework; name = Foundation.framework; path = System/Library/Frameworks/Foundation.framework; sourceTree = SDKROOT; };
		F6E6633E1816F8740094EC26 /* CoreGraphics.framework */ = {isa = PBXFileReference; lastKnownFileType = wrapper.framework; name = CoreGraphics.framework; path = System/Library/Frameworks/CoreGraphics.framework; sourceTree = SDKROOT; };
		F6E663401816F8740094EC26 /* UIKit.framework */ = {isa = PBXFileReference; lastKnownFileType = wrapper.framework; name = UIKit.framework; path = System/Library/Frameworks/UIKit.framework; sourceTree = SDKROOT; };
		F6E663441816F8740094EC26 /* Pholors-Info.plist */ = {isa = PBXFileReference; lastKnownFileType = text.plist.xml; path = "Pholors-Info.plist"; sourceTree = "<group>"; };
		F6E663461816F8740094EC26 /* en */ = {isa = PBXFileReference; lastKnownFileType = text.plist.strings; name = en; path = en.lproj/InfoPlist.strings; sourceTree = "<group>"; };
		F6E663481816F8740094EC26 /* main.m */ = {isa = PBXFileReference; lastKnownFileType = sourcecode.c.objc; path = main.m; sourceTree = "<group>"; };
		F6E6634A1816F8740094EC26 /* Pholors-Prefix.pch */ = {isa = PBXFileReference; lastKnownFileType = sourcecode.c.h; path = "Pholors-Prefix.pch"; sourceTree = "<group>"; };
		F6E6634B1816F8740094EC26 /* AppDelegate.h */ = {isa = PBXFileReference; lastKnownFileType = sourcecode.c.h; path = AppDelegate.h; sourceTree = "<group>"; };
		F6E6634C1816F8740094EC26 /* AppDelegate.m */ = {isa = PBXFileReference; lastKnownFileType = sourcecode.c.objc; path = AppDelegate.m; sourceTree = "<group>"; };
		F6E663541816F8740094EC26 /* Images.xcassets */ = {isa = PBXFileReference; lastKnownFileType = folder.assetcatalog; path = Images.xcassets; sourceTree = "<group>"; };
		F6E6635A1816F8740094EC26 /* PholorsTests.xctest */ = {isa = PBXFileReference; explicitFileType = wrapper.cfbundle; includeInIndex = 0; path = PholorsTests.xctest; sourceTree = BUILT_PRODUCTS_DIR; };
		F6E6635B1816F8740094EC26 /* XCTest.framework */ = {isa = PBXFileReference; lastKnownFileType = wrapper.framework; name = XCTest.framework; path = Library/Frameworks/XCTest.framework; sourceTree = DEVELOPER_DIR; };
		F6E663631816F8740094EC26 /* PholorsTests-Info.plist */ = {isa = PBXFileReference; lastKnownFileType = text.plist.xml; path = "PholorsTests-Info.plist"; sourceTree = "<group>"; };
		F6E663651816F8740094EC26 /* en */ = {isa = PBXFileReference; lastKnownFileType = text.plist.strings; name = en; path = en.lproj/InfoPlist.strings; sourceTree = "<group>"; };
		F6E663671816F8740094EC26 /* PholorsTests.m */ = {isa = PBXFileReference; lastKnownFileType = sourcecode.c.objc; path = PholorsTests.m; sourceTree = "<group>"; };
		F6E6638C1816F9860094EC26 /* ViewController.m */ = {isa = PBXFileReference; fileEncoding = 4; lastKnownFileType = sourcecode.c.objc; path = ViewController.m; sourceTree = "<group>"; };
		F6E6638E1816F9AF0094EC26 /* GalleryViewController.h */ = {isa = PBXFileReference; fileEncoding = 4; lastKnownFileType = sourcecode.c.h; path = GalleryViewController.h; sourceTree = "<group>"; };
		F6E6638F1816F9AF0094EC26 /* GalleryViewController.m */ = {isa = PBXFileReference; fileEncoding = 4; lastKnownFileType = sourcecode.c.objc; path = GalleryViewController.m; sourceTree = "<group>"; };
		F6E663901816F9AF0094EC26 /* RBImage.h */ = {isa = PBXFileReference; fileEncoding = 4; lastKnownFileType = sourcecode.c.h; path = RBImage.h; sourceTree = "<group>"; };
		F6E663911816F9AF0094EC26 /* RBImage.m */ = {isa = PBXFileReference; fileEncoding = 4; lastKnownFileType = sourcecode.c.objc; path = RBImage.m; sourceTree = "<group>"; };
		F6F299081817DBA300E97D0F /* Main.storyboard */ = {isa = PBXFileReference; fileEncoding = 4; lastKnownFileType = file.storyboard; path = Main.storyboard; sourceTree = "<group>"; };
		F6F5C6D4181E9F89004A58D6 /* MainViewController.h */ = {isa = PBXFileReference; fileEncoding = 4; lastKnownFileType = sourcecode.c.h; path = MainViewController.h; sourceTree = "<group>"; };
		F6F5C6D5181E9F89004A58D6 /* MainViewController.m */ = {isa = PBXFileReference; fileEncoding = 4; lastKnownFileType = sourcecode.c.objc; path = MainViewController.m; sourceTree = "<group>"; };
/* End PBXFileReference section */

/* Begin PBXFrameworksBuildPhase section */
		F6E663361816F8740094EC26 /* Frameworks */ = {
			isa = PBXFrameworksBuildPhase;
			buildActionMask = 2147483647;
			files = (
				F6E6633F1816F8740094EC26 /* CoreGraphics.framework in Frameworks */,
				F6E663411816F8740094EC26 /* UIKit.framework in Frameworks */,
				F6E6633D1816F8740094EC26 /* Foundation.framework in Frameworks */,
			);
			runOnlyForDeploymentPostprocessing = 0;
		};
		F6E663571816F8740094EC26 /* Frameworks */ = {
			isa = PBXFrameworksBuildPhase;
			buildActionMask = 2147483647;
			files = (
				F6E6635C1816F8740094EC26 /* XCTest.framework in Frameworks */,
				F6E6635E1816F8740094EC26 /* UIKit.framework in Frameworks */,
				F6E6635D1816F8740094EC26 /* Foundation.framework in Frameworks */,
			);
			runOnlyForDeploymentPostprocessing = 0;
		};
/* End PBXFrameworksBuildPhase section */

/* Begin PBXGroup section */
		D592052418184539004F58BD /* images */ = {
			isa = PBXGroup;
			children = (
				D597664C182030A8008AA843 /* pholors.jpg */,
				D597664A18202973008AA843 /* 6b2dd6f01f209f7fac5de216c820e516.jpg */,
				D592052518184539004F58BD /* 0star.png */,
				D592052618184539004F58BD /* 1star.png */,
				D592052718184539004F58BD /* 2star.png */,
				D592052818184539004F58BD /* 3star.png */,
			);
			path = images;
			sourceTree = "<group>";
		};
		D596F1FD181EB66800CF092D /* Model */ = {
			isa = PBXGroup;
			children = (
				F6E663901816F9AF0094EC26 /* RBImage.h */,
				F6E663911816F9AF0094EC26 /* RBImage.m */,
				D597BEAE1817EAAF00F3881E /* RBLevel.h */,
				D597BEAF1817EAAF00F3881E /* RBLevel.m */,
				D597BEB11817F72800F3881E /* RBGame.h */,
				D597BEB21817F72800F3881E /* RBGame.m */,
				3D8E9A7C1817FC0D0038E72D /* RBTimer.h */,
				3D8E9A7D1817FC0D0038E72D /* RBTimer.m */,
			);
			name = Model;
			sourceTree = "<group>";
		};
		D596F1FE181EB68500CF092D /* ViewController */ = {
			isa = PBXGroup;
			children = (
				D592052018183B11004F58BD /* LevelsViewController.h */,
				D592052118183B11004F58BD /* LevelsViewController.m */,
				D592052F18184C61004F58BD /* LevelTableCell.h */,
				D592053018184C61004F58BD /* LevelTableCell.m */,
				F6F5C6D4181E9F89004A58D6 /* MainViewController.h */,
				F6F5C6D5181E9F89004A58D6 /* MainViewController.m */,
				F6850C64181EBBDD00870219 /* ViewController.h */,
				F6E6638C1816F9860094EC26 /* ViewController.m */,
				3DC3D34018183E2300096DA2 /* RBCustomSegue.h */,
				3DC3D34118183E2300096DA2 /* RBCustomSegue.m */,
				F6E6638E1816F9AF0094EC26 /* GalleryViewController.h */,
				F6E6638F1816F9AF0094EC26 /* GalleryViewController.m */,
				3DC3D33D1818355B00096DA2 /* GameOverViewController.h */,
				3DC3D33E1818355B00096DA2 /* GameOverViewController.m */,
			);
			name = ViewController;
			sourceTree = "<group>";
		};
		F6E663301816F8740094EC26 = {
			isa = PBXGroup;
			children = (
				F6E663421816F8740094EC26 /* Pholors */,
				F6E663611816F8740094EC26 /* PholorsTests */,
				F6E6633B1816F8740094EC26 /* Frameworks */,
				F6E6633A1816F8740094EC26 /* Products */,
			);
			sourceTree = "<group>";
		};
		F6E6633A1816F8740094EC26 /* Products */ = {
			isa = PBXGroup;
			children = (
				F6E663391816F8740094EC26 /* Pholors.app */,
				F6E6635A1816F8740094EC26 /* PholorsTests.xctest */,
			);
			name = Products;
			sourceTree = "<group>";
		};
		F6E6633B1816F8740094EC26 /* Frameworks */ = {
			isa = PBXGroup;
			children = (
				F6E6633C1816F8740094EC26 /* Foundation.framework */,
				F6E6633E1816F8740094EC26 /* CoreGraphics.framework */,
				F6E663401816F8740094EC26 /* UIKit.framework */,
				F6E6635B1816F8740094EC26 /* XCTest.framework */,
			);
			name = Frameworks;
			sourceTree = "<group>";
		};
		F6E663421816F8740094EC26 /* Pholors */ = {
			isa = PBXGroup;
			children = (
				D596F1FE181EB68500CF092D /* ViewController */,
				D596F1FD181EB66800CF092D /* Model */,
				D592052418184539004F58BD /* images */,
				F6F299081817DBA300E97D0F /* Main.storyboard */,
				F6E6634B1816F8740094EC26 /* AppDelegate.h */,
				F6E6634C1816F8740094EC26 /* AppDelegate.m */,
				F6E663541816F8740094EC26 /* Images.xcassets */,
				F6E663431816F8740094EC26 /* Supporting Files */,
			);
			path = Pholors;
			sourceTree = "<group>";
		};
		F6E663431816F8740094EC26 /* Supporting Files */ = {
			isa = PBXGroup;
			children = (
				F6E663441816F8740094EC26 /* Pholors-Info.plist */,
				F6E663451816F8740094EC26 /* InfoPlist.strings */,
				F6E663481816F8740094EC26 /* main.m */,
				F6E6634A1816F8740094EC26 /* Pholors-Prefix.pch */,
			);
			name = "Supporting Files";
			sourceTree = "<group>";
		};
		F6E663611816F8740094EC26 /* PholorsTests */ = {
			isa = PBXGroup;
			children = (
				F6E663671816F8740094EC26 /* PholorsTests.m */,
				F6E663621816F8740094EC26 /* Supporting Files */,
			);
			path = PholorsTests;
			sourceTree = "<group>";
		};
		F6E663621816F8740094EC26 /* Supporting Files */ = {
			isa = PBXGroup;
			children = (
				F6E663631816F8740094EC26 /* PholorsTests-Info.plist */,
				F6E663641816F8740094EC26 /* InfoPlist.strings */,
			);
			name = "Supporting Files";
			sourceTree = "<group>";
		};
/* End PBXGroup section */

/* Begin PBXNativeTarget section */
		F6E663381816F8740094EC26 /* Pholors */ = {
			isa = PBXNativeTarget;
			buildConfigurationList = F6E6636B1816F8740094EC26 /* Build configuration list for PBXNativeTarget "Pholors" */;
			buildPhases = (
				F6E663351816F8740094EC26 /* Sources */,
				F6E663361816F8740094EC26 /* Frameworks */,
				F6E663371816F8740094EC26 /* Resources */,
			);
			buildRules = (
			);
			dependencies = (
			);
			name = Pholors;
			productName = Pholors;
			productReference = F6E663391816F8740094EC26 /* Pholors.app */;
			productType = "com.apple.product-type.application";
		};
		F6E663591816F8740094EC26 /* PholorsTests */ = {
			isa = PBXNativeTarget;
			buildConfigurationList = F6E6636E1816F8740094EC26 /* Build configuration list for PBXNativeTarget "PholorsTests" */;
			buildPhases = (
				F6E663561816F8740094EC26 /* Sources */,
				F6E663571816F8740094EC26 /* Frameworks */,
				F6E663581816F8740094EC26 /* Resources */,
			);
			buildRules = (
			);
			dependencies = (
				F6E663601816F8740094EC26 /* PBXTargetDependency */,
			);
			name = PholorsTests;
			productName = PholorsTests;
			productReference = F6E6635A1816F8740094EC26 /* PholorsTests.xctest */;
			productType = "com.apple.product-type.bundle.unit-test";
		};
/* End PBXNativeTarget section */

/* Begin PBXProject section */
		F6E663311816F8740094EC26 /* Project object */ = {
			isa = PBXProject;
			attributes = {
				LastUpgradeCheck = 0500;
				ORGANIZATIONNAME = "Rock Bottom";
				TargetAttributes = {
					F6E663591816F8740094EC26 = {
						TestTargetID = F6E663381816F8740094EC26;
					};
				};
			};
			buildConfigurationList = F6E663341816F8740094EC26 /* Build configuration list for PBXProject "Pholors" */;
			compatibilityVersion = "Xcode 3.2";
			developmentRegion = English;
			hasScannedForEncodings = 0;
			knownRegions = (
				en,
				Base,
				de,
			);
			mainGroup = F6E663301816F8740094EC26;
			productRefGroup = F6E6633A1816F8740094EC26 /* Products */;
			projectDirPath = "";
			projectRoot = "";
			targets = (
				F6E663381816F8740094EC26 /* Pholors */,
				F6E663591816F8740094EC26 /* PholorsTests */,
			);
		};
/* End PBXProject section */

/* Begin PBXResourcesBuildPhase section */
		F6E663371816F8740094EC26 /* Resources */ = {
			isa = PBXResourcesBuildPhase;
			buildActionMask = 2147483647;
			files = (
				F6E663551816F8740094EC26 /* Images.xcassets in Resources */,
				D592052C18184539004F58BD /* 3star.png in Resources */,
				D592052A18184539004F58BD /* 1star.png in Resources */,
				D592052B18184539004F58BD /* 2star.png in Resources */,
				F6E663471816F8740094EC26 /* InfoPlist.strings in Resources */,
				D592052918184539004F58BD /* 0star.png in Resources */,
				F6F299091817DBA300E97D0F /* Main.storyboard in Resources */,
				D597664D182030A8008AA843 /* pholors.jpg in Resources */,
				D597664B18202974008AA843 /* 6b2dd6f01f209f7fac5de216c820e516.jpg in Resources */,
			);
			runOnlyForDeploymentPostprocessing = 0;
		};
		F6E663581816F8740094EC26 /* Resources */ = {
			isa = PBXResourcesBuildPhase;
			buildActionMask = 2147483647;
			files = (
				F6E663661816F8740094EC26 /* InfoPlist.strings in Resources */,
			);
			runOnlyForDeploymentPostprocessing = 0;
		};
/* End PBXResourcesBuildPhase section */

/* Begin PBXSourcesBuildPhase section */
		F6E663351816F8740094EC26 /* Sources */ = {
			isa = PBXSourcesBuildPhase;
			buildActionMask = 2147483647;
			files = (
				3DC3D33F1818355B00096DA2 /* GameOverViewController.m in Sources */,
				D592052218183B11004F58BD /* LevelsViewController.m in Sources */,
				3D8E9A7E1817FC0D0038E72D /* RBTimer.m in Sources */,
				D597BEB01817EAAF00F3881E /* RBLevel.m in Sources */,
				F6F5C6D6181E9F89004A58D6 /* MainViewController.m in Sources */,
				F6E6638D1816F9860094EC26 /* ViewController.m in Sources */,
				3DC3D34218183E2300096DA2 /* RBCustomSegue.m in Sources */,
				F6E663921816F9AF0094EC26 /* GalleryViewController.m in Sources */,
				D592053118184C61004F58BD /* LevelTableCell.m in Sources */,
				F6E663931816F9AF0094EC26 /* RBImage.m in Sources */,
				F6E6634D1816F8740094EC26 /* AppDelegate.m in Sources */,
				D597BEB31817F72800F3881E /* RBGame.m in Sources */,
				F6E663491816F8740094EC26 /* main.m in Sources */,
			);
			runOnlyForDeploymentPostprocessing = 0;
		};
		F6E663561816F8740094EC26 /* Sources */ = {
			isa = PBXSourcesBuildPhase;
			buildActionMask = 2147483647;
			files = (
				F6E663681816F8740094EC26 /* PholorsTests.m in Sources */,
			);
			runOnlyForDeploymentPostprocessing = 0;
		};
/* End PBXSourcesBuildPhase section */

/* Begin PBXTargetDependency section */
		F6E663601816F8740094EC26 /* PBXTargetDependency */ = {
			isa = PBXTargetDependency;
			target = F6E663381816F8740094EC26 /* Pholors */;
			targetProxy = F6E6635F1816F8740094EC26 /* PBXContainerItemProxy */;
		};
/* End PBXTargetDependency section */

/* Begin PBXVariantGroup section */
		F6E663451816F8740094EC26 /* InfoPlist.strings */ = {
			isa = PBXVariantGroup;
			children = (
				F6E663461816F8740094EC26 /* en */,
			);
			name = InfoPlist.strings;
			sourceTree = "<group>";
		};
		F6E663641816F8740094EC26 /* InfoPlist.strings */ = {
			isa = PBXVariantGroup;
			children = (
				F6E663651816F8740094EC26 /* en */,
			);
			name = InfoPlist.strings;
			sourceTree = "<group>";
		};
/* End PBXVariantGroup section */

/* Begin XCBuildConfiguration section */
		F6E663691816F8740094EC26 /* Debug */ = {
			isa = XCBuildConfiguration;
			buildSettings = {
				ALWAYS_SEARCH_USER_PATHS = NO;
				ARCHS = "$(ARCHS_STANDARD_INCLUDING_64_BIT)";
				CLANG_CXX_LANGUAGE_STANDARD = "gnu++0x";
				CLANG_CXX_LIBRARY = "libc++";
				CLANG_ENABLE_MODULES = YES;
				CLANG_ENABLE_OBJC_ARC = YES;
				CLANG_WARN_BOOL_CONVERSION = YES;
				CLANG_WARN_CONSTANT_CONVERSION = YES;
				CLANG_WARN_DIRECT_OBJC_ISA_USAGE = YES_ERROR;
				CLANG_WARN_EMPTY_BODY = YES;
				CLANG_WARN_ENUM_CONVERSION = YES;
				CLANG_WARN_INT_CONVERSION = YES;
				CLANG_WARN_OBJC_ROOT_CLASS = YES_ERROR;
				CLANG_WARN__DUPLICATE_METHOD_MATCH = YES;
				"CODE_SIGN_IDENTITY[sdk=iphoneos*]" = "iPhone Developer";
				COPY_PHASE_STRIP = NO;
				GCC_C_LANGUAGE_STANDARD = gnu99;
				GCC_DYNAMIC_NO_PIC = NO;
				GCC_OPTIMIZATION_LEVEL = 0;
				GCC_PREPROCESSOR_DEFINITIONS = (
					"DEBUG=1",
					"$(inherited)",
				);
				GCC_SYMBOLS_PRIVATE_EXTERN = NO;
				GCC_WARN_64_TO_32_BIT_CONVERSION = YES;
				GCC_WARN_ABOUT_RETURN_TYPE = YES_ERROR;
				GCC_WARN_UNDECLARED_SELECTOR = YES;
				GCC_WARN_UNINITIALIZED_AUTOS = YES;
				GCC_WARN_UNUSED_FUNCTION = YES;
				GCC_WARN_UNUSED_VARIABLE = YES;
				IPHONEOS_DEPLOYMENT_TARGET = 7.0;
				ONLY_ACTIVE_ARCH = YES;
				SDKROOT = iphoneos;
			};
			name = Debug;
		};
		F6E6636A1816F8740094EC26 /* Release */ = {
			isa = XCBuildConfiguration;
			buildSettings = {
				ALWAYS_SEARCH_USER_PATHS = NO;
				ARCHS = "$(ARCHS_STANDARD_INCLUDING_64_BIT)";
				CLANG_CXX_LANGUAGE_STANDARD = "gnu++0x";
				CLANG_CXX_LIBRARY = "libc++";
				CLANG_ENABLE_MODULES = YES;
				CLANG_ENABLE_OBJC_ARC = YES;
				CLANG_WARN_BOOL_CONVERSION = YES;
				CLANG_WARN_CONSTANT_CONVERSION = YES;
				CLANG_WARN_DIRECT_OBJC_ISA_USAGE = YES_ERROR;
				CLANG_WARN_EMPTY_BODY = YES;
				CLANG_WARN_ENUM_CONVERSION = YES;
				CLANG_WARN_INT_CONVERSION = YES;
				CLANG_WARN_OBJC_ROOT_CLASS = YES_ERROR;
				CLANG_WARN__DUPLICATE_METHOD_MATCH = YES;
				"CODE_SIGN_IDENTITY[sdk=iphoneos*]" = "iPhone Developer";
				COPY_PHASE_STRIP = YES;
				ENABLE_NS_ASSERTIONS = NO;
				GCC_C_LANGUAGE_STANDARD = gnu99;
				GCC_WARN_64_TO_32_BIT_CONVERSION = YES;
				GCC_WARN_ABOUT_RETURN_TYPE = YES_ERROR;
				GCC_WARN_UNDECLARED_SELECTOR = YES;
				GCC_WARN_UNINITIALIZED_AUTOS = YES;
				GCC_WARN_UNUSED_FUNCTION = YES;
				GCC_WARN_UNUSED_VARIABLE = YES;
				IPHONEOS_DEPLOYMENT_TARGET = 7.0;
				SDKROOT = iphoneos;
				VALIDATE_PRODUCT = YES;
			};
			name = Release;
		};
		F6E6636C1816F8740094EC26 /* Debug */ = {
			isa = XCBuildConfiguration;
			buildSettings = {
				ASSETCATALOG_COMPILER_APPICON_NAME = AppIcon;
				ASSETCATALOG_COMPILER_LAUNCHIMAGE_NAME = LaunchImage;
				GCC_PRECOMPILE_PREFIX_HEADER = YES;
				GCC_PREFIX_HEADER = "Pholors/Pholors-Prefix.pch";
				INFOPLIST_FILE = "Pholors/Pholors-Info.plist";
				PRODUCT_NAME = "$(TARGET_NAME)";
				WRAPPER_EXTENSION = app;
			};
			name = Debug;
		};
		F6E6636D1816F8740094EC26 /* Release */ = {
			isa = XCBuildConfiguration;
			buildSettings = {
				ASSETCATALOG_COMPILER_APPICON_NAME = AppIcon;
				ASSETCATALOG_COMPILER_LAUNCHIMAGE_NAME = LaunchImage;
				GCC_PRECOMPILE_PREFIX_HEADER = YES;
				GCC_PREFIX_HEADER = "Pholors/Pholors-Prefix.pch";
				INFOPLIST_FILE = "Pholors/Pholors-Info.plist";
				PRODUCT_NAME = "$(TARGET_NAME)";
				WRAPPER_EXTENSION = app;
			};
			name = Release;
		};
		F6E6636F1816F8740094EC26 /* Debug */ = {
			isa = XCBuildConfiguration;
			buildSettings = {
				ARCHS = "$(ARCHS_STANDARD_INCLUDING_64_BIT)";
				BUNDLE_LOADER = "$(BUILT_PRODUCTS_DIR)/Pholors.app/Pholors";
				FRAMEWORK_SEARCH_PATHS = (
					"$(SDKROOT)/Developer/Library/Frameworks",
					"$(inherited)",
					"$(DEVELOPER_FRAMEWORKS_DIR)",
				);
				GCC_PRECOMPILE_PREFIX_HEADER = YES;
				GCC_PREFIX_HEADER = "Pholors/Pholors-Prefix.pch";
				GCC_PREPROCESSOR_DEFINITIONS = (
					"DEBUG=1",
					"$(inherited)",
				);
				INFOPLIST_FILE = "PholorsTests/PholorsTests-Info.plist";
				PRODUCT_NAME = "$(TARGET_NAME)";
				TEST_HOST = "$(BUNDLE_LOADER)";
				WRAPPER_EXTENSION = xctest;
			};
			name = Debug;
		};
		F6E663701816F8740094EC26 /* Release */ = {
			isa = XCBuildConfiguration;
			buildSettings = {
				ARCHS = "$(ARCHS_STANDARD_INCLUDING_64_BIT)";
				BUNDLE_LOADER = "$(BUILT_PRODUCTS_DIR)/Pholors.app/Pholors";
				FRAMEWORK_SEARCH_PATHS = (
					"$(SDKROOT)/Developer/Library/Frameworks",
					"$(inherited)",
					"$(DEVELOPER_FRAMEWORKS_DIR)",
				);
				GCC_PRECOMPILE_PREFIX_HEADER = YES;
				GCC_PREFIX_HEADER = "Pholors/Pholors-Prefix.pch";
				INFOPLIST_FILE = "PholorsTests/PholorsTests-Info.plist";
				PRODUCT_NAME = "$(TARGET_NAME)";
				TEST_HOST = "$(BUNDLE_LOADER)";
				WRAPPER_EXTENSION = xctest;
			};
			name = Release;
		};
/* End XCBuildConfiguration section */

/* Begin XCConfigurationList section */
		F6E663341816F8740094EC26 /* Build configuration list for PBXProject "Pholors" */ = {
			isa = XCConfigurationList;
			buildConfigurations = (
				F6E663691816F8740094EC26 /* Debug */,
				F6E6636A1816F8740094EC26 /* Release */,
			);
			defaultConfigurationIsVisible = 0;
			defaultConfigurationName = Release;
		};
		F6E6636B1816F8740094EC26 /* Build configuration list for PBXNativeTarget "Pholors" */ = {
			isa = XCConfigurationList;
			buildConfigurations = (
				F6E6636C1816F8740094EC26 /* Debug */,
				F6E6636D1816F8740094EC26 /* Release */,
			);
			defaultConfigurationIsVisible = 0;
			defaultConfigurationName = Release;
		};
		F6E6636E1816F8740094EC26 /* Build configuration list for PBXNativeTarget "PholorsTests" */ = {
			isa = XCConfigurationList;
			buildConfigurations = (
				F6E6636F1816F8740094EC26 /* Debug */,
				F6E663701816F8740094EC26 /* Release */,
			);
			defaultConfigurationIsVisible = 0;
			defaultConfigurationName = Release;
		};
/* End XCConfigurationList section */
	};
	rootObject = F6E663311816F8740094EC26 /* Project object */;
}
